// !$*UTF8*$!
{
	archiveVersion = 1;
	classes = {
	};
	objectVersion = 46;
	objects = {

/* Begin PBXBuildFile section */
		1E62B73ACFD3B57745868593 /* Pods_TimerTests.framework in Frameworks */ = {isa = PBXBuildFile; fileRef = 55361F2200D5169D0C4F4080 /* Pods_TimerTests.framework */; };
		59E1CF1EF26629B623C8E4BF /* Pods_Timer.framework in Frameworks */ = {isa = PBXBuildFile; fileRef = 49EAF21434CF9D9387E2E5F7 /* Pods_Timer.framework */; };
		A7E7D418060A17E6DF01F97B /* Pods_TimerUITests.framework in Frameworks */ = {isa = PBXBuildFile; fileRef = E577C1329351E6367237B215 /* Pods_TimerUITests.framework */; };
		E7C137521F0BC91A00D97BBD /* Fonts.swift in Sources */ = {isa = PBXBuildFile; fileRef = E7C137511F0BC91A00D97BBD /* Fonts.swift */; };
		E7C137541F0BCA0700D97BBD /* Montserrat-Regular.ttf in Resources */ = {isa = PBXBuildFile; fileRef = E7C137531F0BCA0700D97BBD /* Montserrat-Regular.ttf */; };
		E7C1375A1F0BD53100D97BBD /* ItemStruct.swift in Sources */ = {isa = PBXBuildFile; fileRef = E7C137591F0BD53100D97BBD /* ItemStruct.swift */; };
		E7C137601F0BD7D300D97BBD /* Service.swift in Sources */ = {isa = PBXBuildFile; fileRef = E7C1375F1F0BD7D300D97BBD /* Service.swift */; };
		E7CD026C1F06848600E99DBC /* AppDelegate.swift in Sources */ = {isa = PBXBuildFile; fileRef = E7CD026B1F06848600E99DBC /* AppDelegate.swift */; };
		E7CD026E1F06848600E99DBC /* JobsViewController.swift in Sources */ = {isa = PBXBuildFile; fileRef = E7CD026D1F06848600E99DBC /* JobsViewController.swift */; };
		E7CD02731F06848600E99DBC /* Assets.xcassets in Resources */ = {isa = PBXBuildFile; fileRef = E7CD02721F06848600E99DBC /* Assets.xcassets */; };
		E7CD02811F06848600E99DBC /* TimerTests.swift in Sources */ = {isa = PBXBuildFile; fileRef = E7CD02801F06848600E99DBC /* TimerTests.swift */; };
		E7CD028C1F06848600E99DBC /* TimerUITests.swift in Sources */ = {isa = PBXBuildFile; fileRef = E7CD028B1F06848600E99DBC /* TimerUITests.swift */; };
		E7CD029A1F068AA900E99DBC /* AppController.swift in Sources */ = {isa = PBXBuildFile; fileRef = E7CD02991F068AA900E99DBC /* AppController.swift */; };
		E7CD029C1F068C9B00E99DBC /* Default-568h@2x.png in Resources */ = {isa = PBXBuildFile; fileRef = E7CD029B1F068C9B00E99DBC /* Default-568h@2x.png */; };
		E7CD029E1F069D8400E99DBC /* Database.swift in Sources */ = {isa = PBXBuildFile; fileRef = E7CD029D1F069D8400E99DBC /* Database.swift */; };
/* End PBXBuildFile section */

/* Begin PBXContainerItemProxy section */
		E7CD027D1F06848600E99DBC /* PBXContainerItemProxy */ = {
			isa = PBXContainerItemProxy;
			containerPortal = E7CD02601F06848600E99DBC /* Project object */;
			proxyType = 1;
			remoteGlobalIDString = E7CD02671F06848600E99DBC;
			remoteInfo = Timer;
		};
		E7CD02881F06848600E99DBC /* PBXContainerItemProxy */ = {
			isa = PBXContainerItemProxy;
			containerPortal = E7CD02601F06848600E99DBC /* Project object */;
			proxyType = 1;
			remoteGlobalIDString = E7CD02671F06848600E99DBC;
			remoteInfo = Timer;
		};
/* End PBXContainerItemProxy section */

/* Begin PBXFileReference section */
		397851E33295F85B3E309AF1 /* Pods-Timer.release.xcconfig */ = {isa = PBXFileReference; includeInIndex = 1; lastKnownFileType = text.xcconfig; name = "Pods-Timer.release.xcconfig"; path = "Pods/Target Support Files/Pods-Timer/Pods-Timer.release.xcconfig"; sourceTree = "<group>"; };
		49EAF21434CF9D9387E2E5F7 /* Pods_Timer.framework */ = {isa = PBXFileReference; explicitFileType = wrapper.framework; includeInIndex = 0; path = Pods_Timer.framework; sourceTree = BUILT_PRODUCTS_DIR; };
		55361F2200D5169D0C4F4080 /* Pods_TimerTests.framework */ = {isa = PBXFileReference; explicitFileType = wrapper.framework; includeInIndex = 0; path = Pods_TimerTests.framework; sourceTree = BUILT_PRODUCTS_DIR; };
		679F3C0CCF9FF2887A954906 /* Pods-TimerUITests.release.xcconfig */ = {isa = PBXFileReference; includeInIndex = 1; lastKnownFileType = text.xcconfig; name = "Pods-TimerUITests.release.xcconfig"; path = "Pods/Target Support Files/Pods-TimerUITests/Pods-TimerUITests.release.xcconfig"; sourceTree = "<group>"; };
		8D1F78F47E67AD1AC42CA651 /* Pods-Timer.debug.xcconfig */ = {isa = PBXFileReference; includeInIndex = 1; lastKnownFileType = text.xcconfig; name = "Pods-Timer.debug.xcconfig"; path = "Pods/Target Support Files/Pods-Timer/Pods-Timer.debug.xcconfig"; sourceTree = "<group>"; };
		B35C756194F3586CAFAE6D87 /* Pods-TimerUITests.debug.xcconfig */ = {isa = PBXFileReference; includeInIndex = 1; lastKnownFileType = text.xcconfig; name = "Pods-TimerUITests.debug.xcconfig"; path = "Pods/Target Support Files/Pods-TimerUITests/Pods-TimerUITests.debug.xcconfig"; sourceTree = "<group>"; };
		DE15032C5BBD5D10DDEE3F02 /* Pods-TimerTests.debug.xcconfig */ = {isa = PBXFileReference; includeInIndex = 1; lastKnownFileType = text.xcconfig; name = "Pods-TimerTests.debug.xcconfig"; path = "Pods/Target Support Files/Pods-TimerTests/Pods-TimerTests.debug.xcconfig"; sourceTree = "<group>"; };
		E3D52D6420E578B7A8A51CD5 /* Pods-TimerTests.release.xcconfig */ = {isa = PBXFileReference; includeInIndex = 1; lastKnownFileType = text.xcconfig; name = "Pods-TimerTests.release.xcconfig"; path = "Pods/Target Support Files/Pods-TimerTests/Pods-TimerTests.release.xcconfig"; sourceTree = "<group>"; };
		E577C1329351E6367237B215 /* Pods_TimerUITests.framework */ = {isa = PBXFileReference; explicitFileType = wrapper.framework; includeInIndex = 0; path = Pods_TimerUITests.framework; sourceTree = BUILT_PRODUCTS_DIR; };
		E7C137511F0BC91A00D97BBD /* Fonts.swift */ = {isa = PBXFileReference; fileEncoding = 4; lastKnownFileType = sourcecode.swift; path = Fonts.swift; sourceTree = "<group>"; };
		E7C137531F0BCA0700D97BBD /* Montserrat-Regular.ttf */ = {isa = PBXFileReference; lastKnownFileType = file; name = "Montserrat-Regular.ttf"; path = "../../../Tetris/TetrisN/Montserrat-Regular.ttf"; sourceTree = "<group>"; };
		E7C137591F0BD53100D97BBD /* ItemStruct.swift */ = {isa = PBXFileReference; fileEncoding = 4; lastKnownFileType = sourcecode.swift; name = ItemStruct.swift; path = ../../../../.Trash/ItemStruct.swift; sourceTree = "<group>"; };
		E7C1375F1F0BD7D300D97BBD /* Service.swift */ = {isa = PBXFileReference; fileEncoding = 4; lastKnownFileType = sourcecode.swift; path = Service.swift; sourceTree = "<group>"; };
		E7CD02681F06848600E99DBC /* Timer.app */ = {isa = PBXFileReference; explicitFileType = wrapper.application; includeInIndex = 0; path = Timer.app; sourceTree = BUILT_PRODUCTS_DIR; };
		E7CD026B1F06848600E99DBC /* AppDelegate.swift */ = {isa = PBXFileReference; lastKnownFileType = sourcecode.swift; path = AppDelegate.swift; sourceTree = "<group>"; };
		E7CD026D1F06848600E99DBC /* JobsViewController.swift */ = {isa = PBXFileReference; lastKnownFileType = sourcecode.swift; path = JobsViewController.swift; sourceTree = "<group>"; };
		E7CD02721F06848600E99DBC /* Assets.xcassets */ = {isa = PBXFileReference; lastKnownFileType = folder.assetcatalog; path = Assets.xcassets; sourceTree = "<group>"; };
		E7CD02771F06848600E99DBC /* Info.plist */ = {isa = PBXFileReference; lastKnownFileType = text.plist.xml; path = Info.plist; sourceTree = "<group>"; };
		E7CD027C1F06848600E99DBC /* TimerTests.xctest */ = {isa = PBXFileReference; explicitFileType = wrapper.cfbundle; includeInIndex = 0; path = TimerTests.xctest; sourceTree = BUILT_PRODUCTS_DIR; };
		E7CD02801F06848600E99DBC /* TimerTests.swift */ = {isa = PBXFileReference; lastKnownFileType = sourcecode.swift; path = TimerTests.swift; sourceTree = "<group>"; };
		E7CD02821F06848600E99DBC /* Info.plist */ = {isa = PBXFileReference; lastKnownFileType = text.plist.xml; path = Info.plist; sourceTree = "<group>"; };
		E7CD02871F06848600E99DBC /* TimerUITests.xctest */ = {isa = PBXFileReference; explicitFileType = wrapper.cfbundle; includeInIndex = 0; path = TimerUITests.xctest; sourceTree = BUILT_PRODUCTS_DIR; };
		E7CD028B1F06848600E99DBC /* TimerUITests.swift */ = {isa = PBXFileReference; lastKnownFileType = sourcecode.swift; path = TimerUITests.swift; sourceTree = "<group>"; };
		E7CD028D1F06848600E99DBC /* Info.plist */ = {isa = PBXFileReference; lastKnownFileType = text.plist.xml; path = Info.plist; sourceTree = "<group>"; };
		E7CD02991F068AA900E99DBC /* AppController.swift */ = {isa = PBXFileReference; fileEncoding = 4; lastKnownFileType = sourcecode.swift; name = AppController.swift; path = ../AppController.swift; sourceTree = "<group>"; };
		E7CD029B1F068C9B00E99DBC /* Default-568h@2x.png */ = {isa = PBXFileReference; lastKnownFileType = image.png; path = "Default-568h@2x.png"; sourceTree = "<group>"; };
		E7CD029D1F069D8400E99DBC /* Database.swift */ = {isa = PBXFileReference; fileEncoding = 4; lastKnownFileType = sourcecode.swift; name = Database.swift; path = ../Database.swift; sourceTree = "<group>"; };
/* End PBXFileReference section */

/* Begin PBXFrameworksBuildPhase section */
		E7CD02651F06848600E99DBC /* Frameworks */ = {
			isa = PBXFrameworksBuildPhase;
			buildActionMask = 2147483647;
			files = (
				59E1CF1EF26629B623C8E4BF /* Pods_Timer.framework in Frameworks */,
			);
			runOnlyForDeploymentPostprocessing = 0;
		};
		E7CD02791F06848600E99DBC /* Frameworks */ = {
			isa = PBXFrameworksBuildPhase;
			buildActionMask = 2147483647;
			files = (
				1E62B73ACFD3B57745868593 /* Pods_TimerTests.framework in Frameworks */,
			);
			runOnlyForDeploymentPostprocessing = 0;
		};
		E7CD02841F06848600E99DBC /* Frameworks */ = {
			isa = PBXFrameworksBuildPhase;
			buildActionMask = 2147483647;
			files = (
				A7E7D418060A17E6DF01F97B /* Pods_TimerUITests.framework in Frameworks */,
			);
			runOnlyForDeploymentPostprocessing = 0;
		};
/* End PBXFrameworksBuildPhase section */

/* Begin PBXGroup section */
		45639C59AC2E23D5FD84CDC2 /* Frameworks */ = {
			isa = PBXGroup;
			children = (
				49EAF21434CF9D9387E2E5F7 /* Pods_Timer.framework */,
				55361F2200D5169D0C4F4080 /* Pods_TimerTests.framework */,
				E577C1329351E6367237B215 /* Pods_TimerUITests.framework */,
			);
			name = Frameworks;
			sourceTree = "<group>";
		};
		E7CD025F1F06848600E99DBC = {
			isa = PBXGroup;
			children = (
				E7CD029B1F068C9B00E99DBC /* Default-568h@2x.png */,
				E7CD026A1F06848600E99DBC /* Timer */,
				E7CD027F1F06848600E99DBC /* TimerTests */,
				E7CD028A1F06848600E99DBC /* TimerUITests */,
				E7CD02691F06848600E99DBC /* Products */,
				F41718041255468083AE60DD /* Pods */,
				45639C59AC2E23D5FD84CDC2 /* Frameworks */,
			);
			sourceTree = "<group>";
		};
		E7CD02691F06848600E99DBC /* Products */ = {
			isa = PBXGroup;
			children = (
				E7CD02681F06848600E99DBC /* Timer.app */,
				E7CD027C1F06848600E99DBC /* TimerTests.xctest */,
				E7CD02871F06848600E99DBC /* TimerUITests.xctest */,
			);
			name = Products;
			sourceTree = "<group>";
		};
		E7CD026A1F06848600E99DBC /* Timer */ = {
			isa = PBXGroup;
			children = (
				E7CD029D1F069D8400E99DBC /* Database.swift */,
				E7CD026B1F06848600E99DBC /* AppDelegate.swift */,
				E7CD026D1F06848600E99DBC /* JobsViewController.swift */,
				E7C137591F0BD53100D97BBD /* ItemStruct.swift */,
				E7CD02991F068AA900E99DBC /* AppController.swift */,
				E7CD02721F06848600E99DBC /* Assets.xcassets */,
				E7C137511F0BC91A00D97BBD /* Fonts.swift */,
				E7C137531F0BCA0700D97BBD /* Montserrat-Regular.ttf */,
				E7C1375F1F0BD7D300D97BBD /* Service.swift */,
				E7CD02771F06848600E99DBC /* Info.plist */,
			);
			path = Timer;
			sourceTree = "<group>";
		};
		E7CD027F1F06848600E99DBC /* TimerTests */ = {
			isa = PBXGroup;
			children = (
				E7CD02801F06848600E99DBC /* TimerTests.swift */,
				E7CD02821F06848600E99DBC /* Info.plist */,
			);
			path = TimerTests;
			sourceTree = "<group>";
		};
		E7CD028A1F06848600E99DBC /* TimerUITests */ = {
			isa = PBXGroup;
			children = (
				E7CD028B1F06848600E99DBC /* TimerUITests.swift */,
				E7CD028D1F06848600E99DBC /* Info.plist */,
			);
			path = TimerUITests;
			sourceTree = "<group>";
		};
		F41718041255468083AE60DD /* Pods */ = {
			isa = PBXGroup;
			children = (
				8D1F78F47E67AD1AC42CA651 /* Pods-Timer.debug.xcconfig */,
				397851E33295F85B3E309AF1 /* Pods-Timer.release.xcconfig */,
				DE15032C5BBD5D10DDEE3F02 /* Pods-TimerTests.debug.xcconfig */,
				E3D52D6420E578B7A8A51CD5 /* Pods-TimerTests.release.xcconfig */,
				B35C756194F3586CAFAE6D87 /* Pods-TimerUITests.debug.xcconfig */,
				679F3C0CCF9FF2887A954906 /* Pods-TimerUITests.release.xcconfig */,
			);
			name = Pods;
			sourceTree = "<group>";
		};
/* End PBXGroup section */

/* Begin PBXNativeTarget section */
		E7CD02671F06848600E99DBC /* Timer */ = {
			isa = PBXNativeTarget;
			buildConfigurationList = E7CD02901F06848600E99DBC /* Build configuration list for PBXNativeTarget "Timer" */;
			buildPhases = (
				9963FD7DC45DB3DBF58091A5 /* [CP] Check Pods Manifest.lock */,
				E7CD02641F06848600E99DBC /* Sources */,
				E7CD02651F06848600E99DBC /* Frameworks */,
				E7CD02661F06848600E99DBC /* Resources */,
				0B578FA33EC99FD7E6FE1391 /* [CP] Embed Pods Frameworks */,
				24D9350DBE286DCEB3F9F894 /* [CP] Copy Pods Resources */,
			);
			buildRules = (
			);
			dependencies = (
			);
			name = Timer;
			productName = Timer;
			productReference = E7CD02681F06848600E99DBC /* Timer.app */;
			productType = "com.apple.product-type.application";
		};
		E7CD027B1F06848600E99DBC /* TimerTests */ = {
			isa = PBXNativeTarget;
			buildConfigurationList = E7CD02931F06848600E99DBC /* Build configuration list for PBXNativeTarget "TimerTests" */;
			buildPhases = (
				9932D4287ACA6C5235F65BEC /* [CP] Check Pods Manifest.lock */,
				E7CD02781F06848600E99DBC /* Sources */,
				E7CD02791F06848600E99DBC /* Frameworks */,
				E7CD027A1F06848600E99DBC /* Resources */,
				A6EA487159951D6F0E5B744D /* [CP] Embed Pods Frameworks */,
				889AFE31F79D9871C932D850 /* [CP] Copy Pods Resources */,
			);
			buildRules = (
			);
			dependencies = (
				E7CD027E1F06848600E99DBC /* PBXTargetDependency */,
			);
			name = TimerTests;
			productName = TimerTests;
			productReference = E7CD027C1F06848600E99DBC /* TimerTests.xctest */;
			productType = "com.apple.product-type.bundle.unit-test";
		};
		E7CD02861F06848600E99DBC /* TimerUITests */ = {
			isa = PBXNativeTarget;
			buildConfigurationList = E7CD02961F06848600E99DBC /* Build configuration list for PBXNativeTarget "TimerUITests" */;
			buildPhases = (
				1947AD806CA06C978291B4CC /* [CP] Check Pods Manifest.lock */,
				E7CD02831F06848600E99DBC /* Sources */,
				E7CD02841F06848600E99DBC /* Frameworks */,
				E7CD02851F06848600E99DBC /* Resources */,
				795CE308A6A266BA0634B749 /* [CP] Embed Pods Frameworks */,
				A9C0707D7FDA1E2FA974CCC1 /* [CP] Copy Pods Resources */,
			);
			buildRules = (
			);
			dependencies = (
				E7CD02891F06848600E99DBC /* PBXTargetDependency */,
			);
			name = TimerUITests;
			productName = TimerUITests;
			productReference = E7CD02871F06848600E99DBC /* TimerUITests.xctest */;
			productType = "com.apple.product-type.bundle.ui-testing";
		};
/* End PBXNativeTarget section */

/* Begin PBXProject section */
		E7CD02601F06848600E99DBC /* Project object */ = {
			isa = PBXProject;
			attributes = {
				LastSwiftUpdateCheck = 0830;
				LastUpgradeCheck = 0830;
				ORGANIZATIONNAME = Vladimir;
				TargetAttributes = {
					E7CD02671F06848600E99DBC = {
						CreatedOnToolsVersion = 8.3.3;
						DevelopmentTeam = UMPRH5R5SA;
						ProvisioningStyle = Automatic;
					};
					E7CD027B1F06848600E99DBC = {
						CreatedOnToolsVersion = 8.3.3;
						DevelopmentTeam = UMPRH5R5SA;
						ProvisioningStyle = Automatic;
						TestTargetID = E7CD02671F06848600E99DBC;
					};
					E7CD02861F06848600E99DBC = {
						CreatedOnToolsVersion = 8.3.3;
						DevelopmentTeam = UMPRH5R5SA;
						ProvisioningStyle = Automatic;
						TestTargetID = E7CD02671F06848600E99DBC;
					};
				};
			};
			buildConfigurationList = E7CD02631F06848600E99DBC /* Build configuration list for PBXProject "Timer" */;
			compatibilityVersion = "Xcode 3.2";
			developmentRegion = English;
			hasScannedForEncodings = 0;
			knownRegions = (
				en,
				Base,
			);
			mainGroup = E7CD025F1F06848600E99DBC;
			productRefGroup = E7CD02691F06848600E99DBC /* Products */;
			projectDirPath = "";
			projectRoot = "";
			targets = (
				E7CD02671F06848600E99DBC /* Timer */,
				E7CD027B1F06848600E99DBC /* TimerTests */,
				E7CD02861F06848600E99DBC /* TimerUITests */,
			);
		};
/* End PBXProject section */

/* Begin PBXResourcesBuildPhase section */
		E7CD02661F06848600E99DBC /* Resources */ = {
			isa = PBXResourcesBuildPhase;
			buildActionMask = 2147483647;
			files = (
				E7C137541F0BCA0700D97BBD /* Montserrat-Regular.ttf in Resources */,
				E7CD02731F06848600E99DBC /* Assets.xcassets in Resources */,
				E7CD029C1F068C9B00E99DBC /* Default-568h@2x.png in Resources */,
			);
			runOnlyForDeploymentPostprocessing = 0;
		};
		E7CD027A1F06848600E99DBC /* Resources */ = {
			isa = PBXResourcesBuildPhase;
			buildActionMask = 2147483647;
			files = (
			);
			runOnlyForDeploymentPostprocessing = 0;
		};
		E7CD02851F06848600E99DBC /* Resources */ = {
			isa = PBXResourcesBuildPhase;
			buildActionMask = 2147483647;
			files = (
			);
			runOnlyForDeploymentPostprocessing = 0;
		};
/* End PBXResourcesBuildPhase section */

/* Begin PBXShellScriptBuildPhase section */
		0B578FA33EC99FD7E6FE1391 /* [CP] Embed Pods Frameworks */ = {
			isa = PBXShellScriptBuildPhase;
			buildActionMask = 2147483647;
			files = (
			);
			inputPaths = (
			);
			name = "[CP] Embed Pods Frameworks";
			outputPaths = (
			);
			runOnlyForDeploymentPostprocessing = 0;
			shellPath = /bin/sh;
			shellScript = "\"${SRCROOT}/Pods/Target Support Files/Pods-Timer/Pods-Timer-frameworks.sh\"\n";
			showEnvVarsInLog = 0;
		};
		1947AD806CA06C978291B4CC /* [CP] Check Pods Manifest.lock */ = {
			isa = PBXShellScriptBuildPhase;
			buildActionMask = 2147483647;
			files = (
			);
			inputPaths = (
			);
			name = "[CP] Check Pods Manifest.lock";
			outputPaths = (
			);
			runOnlyForDeploymentPostprocessing = 0;
			shellPath = /bin/sh;
			shellScript = "diff \"${PODS_PODFILE_DIR_PATH}/Podfile.lock\" \"${PODS_ROOT}/Manifest.lock\" > /dev/null\nif [ $? != 0 ] ; then\n    # print error to STDERR\n    echo \"error: The sandbox is not in sync with the Podfile.lock. Run 'pod install' or update your CocoaPods installation.\" >&2\n    exit 1\nfi\n";
			showEnvVarsInLog = 0;
		};
		24D9350DBE286DCEB3F9F894 /* [CP] Copy Pods Resources */ = {
			isa = PBXShellScriptBuildPhase;
			buildActionMask = 2147483647;
			files = (
			);
			inputPaths = (
			);
			name = "[CP] Copy Pods Resources";
			outputPaths = (
			);
			runOnlyForDeploymentPostprocessing = 0;
			shellPath = /bin/sh;
			shellScript = "\"${SRCROOT}/Pods/Target Support Files/Pods-Timer/Pods-Timer-resources.sh\"\n";
			showEnvVarsInLog = 0;
		};
		795CE308A6A266BA0634B749 /* [CP] Embed Pods Frameworks */ = {
			isa = PBXShellScriptBuildPhase;
			buildActionMask = 2147483647;
			files = (
			);
			inputPaths = (
			);
			name = "[CP] Embed Pods Frameworks";
			outputPaths = (
			);
			runOnlyForDeploymentPostprocessing = 0;
			shellPath = /bin/sh;
			shellScript = "\"${SRCROOT}/Pods/Target Support Files/Pods-TimerUITests/Pods-TimerUITests-frameworks.sh\"\n";
			showEnvVarsInLog = 0;
		};
		889AFE31F79D9871C932D850 /* [CP] Copy Pods Resources */ = {
			isa = PBXShellScriptBuildPhase;
			buildActionMask = 2147483647;
			files = (
			);
			inputPaths = (
			);
			name = "[CP] Copy Pods Resources";
			outputPaths = (
			);
			runOnlyForDeploymentPostprocessing = 0;
			shellPath = /bin/sh;
			shellScript = "\"${SRCROOT}/Pods/Target Support Files/Pods-TimerTests/Pods-TimerTests-resources.sh\"\n";
			showEnvVarsInLog = 0;
		};
		9932D4287ACA6C5235F65BEC /* [CP] Check Pods Manifest.lock */ = {
			isa = PBXShellScriptBuildPhase;
			buildActionMask = 2147483647;
			files = (
			);
			inputPaths = (
			);
			name = "[CP] Check Pods Manifest.lock";
			outputPaths = (
			);
			runOnlyForDeploymentPostprocessing = 0;
			shellPath = /bin/sh;
			shellScript = "diff \"${PODS_PODFILE_DIR_PATH}/Podfile.lock\" \"${PODS_ROOT}/Manifest.lock\" > /dev/null\nif [ $? != 0 ] ; then\n    # print error to STDERR\n    echo \"error: The sandbox is not in sync with the Podfile.lock. Run 'pod install' or update your CocoaPods installation.\" >&2\n    exit 1\nfi\n";
			showEnvVarsInLog = 0;
		};
		9963FD7DC45DB3DBF58091A5 /* [CP] Check Pods Manifest.lock */ = {
			isa = PBXShellScriptBuildPhase;
			buildActionMask = 2147483647;
			files = (
			);
			inputPaths = (
			);
			name = "[CP] Check Pods Manifest.lock";
			outputPaths = (
			);
			runOnlyForDeploymentPostprocessing = 0;
			shellPath = /bin/sh;
			shellScript = "diff \"${PODS_PODFILE_DIR_PATH}/Podfile.lock\" \"${PODS_ROOT}/Manifest.lock\" > /dev/null\nif [ $? != 0 ] ; then\n    # print error to STDERR\n    echo \"error: The sandbox is not in sync with the Podfile.lock. Run 'pod install' or update your CocoaPods installation.\" >&2\n    exit 1\nfi\n";
			showEnvVarsInLog = 0;
		};
		A6EA487159951D6F0E5B744D /* [CP] Embed Pods Frameworks */ = {
			isa = PBXShellScriptBuildPhase;
			buildActionMask = 2147483647;
			files = (
			);
			inputPaths = (
			);
			name = "[CP] Embed Pods Frameworks";
			outputPaths = (
			);
			runOnlyForDeploymentPostprocessing = 0;
			shellPath = /bin/sh;
			shellScript = "\"${SRCROOT}/Pods/Target Support Files/Pods-TimerTests/Pods-TimerTests-frameworks.sh\"\n";
			showEnvVarsInLog = 0;
		};
		A9C0707D7FDA1E2FA974CCC1 /* [CP] Copy Pods Resources */ = {
			isa = PBXShellScriptBuildPhase;
			buildActionMask = 2147483647;
			files = (
			);
			inputPaths = (
			);
			name = "[CP] Copy Pods Resources";
			outputPaths = (
			);
			runOnlyForDeploymentPostprocessing = 0;
			shellPath = /bin/sh;
			shellScript = "\"${SRCROOT}/Pods/Target Support Files/Pods-TimerUITests/Pods-TimerUITests-resources.sh\"\n";
			showEnvVarsInLog = 0;
		};
/* End PBXShellScriptBuildPhase section */

/* Begin PBXSourcesBuildPhase section */
		E7CD02641F06848600E99DBC /* Sources */ = {
			isa = PBXSourcesBuildPhase;
			buildActionMask = 2147483647;
			files = (
				E7CD026E1F06848600E99DBC /* JobsViewController.swift in Sources */,
				E7C137601F0BD7D300D97BBD /* Service.swift in Sources */,
				E7CD029A1F068AA900E99DBC /* AppController.swift in Sources */,
				E7CD029E1F069D8400E99DBC /* Database.swift in Sources */,
				E7C1375A1F0BD53100D97BBD /* ItemStruct.swift in Sources */,
				E7CD026C1F06848600E99DBC /* AppDelegate.swift in Sources */,
				E7C137521F0BC91A00D97BBD /* Fonts.swift in Sources */,
			);
			runOnlyForDeploymentPostprocessing = 0;
		};
		E7CD02781F06848600E99DBC /* Sources */ = {
			isa = PBXSourcesBuildPhase;
			buildActionMask = 2147483647;
			files = (
				E7CD02811F06848600E99DBC /* TimerTests.swift in Sources */,
			);
			runOnlyForDeploymentPostprocessing = 0;
		};
		E7CD02831F06848600E99DBC /* Sources */ = {
			isa = PBXSourcesBuildPhase;
			buildActionMask = 2147483647;
			files = (
				E7CD028C1F06848600E99DBC /* TimerUITests.swift in Sources */,
			);
			runOnlyForDeploymentPostprocessing = 0;
		};
/* End PBXSourcesBuildPhase section */

/* Begin PBXTargetDependency section */
		E7CD027E1F06848600E99DBC /* PBXTargetDependency */ = {
			isa = PBXTargetDependency;
			target = E7CD02671F06848600E99DBC /* Timer */;
			targetProxy = E7CD027D1F06848600E99DBC /* PBXContainerItemProxy */;
		};
		E7CD02891F06848600E99DBC /* PBXTargetDependency */ = {
			isa = PBXTargetDependency;
			target = E7CD02671F06848600E99DBC /* Timer */;
			targetProxy = E7CD02881F06848600E99DBC /* PBXContainerItemProxy */;
		};
/* End PBXTargetDependency section */

/* Begin XCBuildConfiguration section */
		E7CD028E1F06848600E99DBC /* Debug */ = {
			isa = XCBuildConfiguration;
			buildSettings = {
				ALWAYS_SEARCH_USER_PATHS = NO;
				CLANG_ANALYZER_NONNULL = YES;
				CLANG_ANALYZER_NUMBER_OBJECT_CONVERSION = YES_AGGRESSIVE;
				CLANG_CXX_LANGUAGE_STANDARD = "gnu++0x";
				CLANG_CXX_LIBRARY = "libc++";
				CLANG_ENABLE_MODULES = YES;
				CLANG_ENABLE_OBJC_ARC = YES;
				CLANG_WARN_BOOL_CONVERSION = YES;
				CLANG_WARN_CONSTANT_CONVERSION = YES;
				CLANG_WARN_DIRECT_OBJC_ISA_USAGE = YES_ERROR;
				CLANG_WARN_DOCUMENTATION_COMMENTS = YES;
				CLANG_WARN_EMPTY_BODY = YES;
				CLANG_WARN_ENUM_CONVERSION = YES;
				CLANG_WARN_INFINITE_RECURSION = YES;
				CLANG_WARN_INT_CONVERSION = YES;
				CLANG_WARN_OBJC_ROOT_CLASS = YES_ERROR;
				CLANG_WARN_SUSPICIOUS_MOVE = YES;
				CLANG_WARN_UNREACHABLE_CODE = YES;
				CLANG_WARN__DUPLICATE_METHOD_MATCH = YES;
				"CODE_SIGN_IDENTITY[sdk=iphoneos*]" = "iPhone Developer";
				COPY_PHASE_STRIP = NO;
				DEBUG_INFORMATION_FORMAT = dwarf;
				ENABLE_STRICT_OBJC_MSGSEND = YES;
				ENABLE_TESTABILITY = YES;
				GCC_C_LANGUAGE_STANDARD = gnu99;
				GCC_DYNAMIC_NO_PIC = NO;
				GCC_NO_COMMON_BLOCKS = YES;
				GCC_OPTIMIZATION_LEVEL = 0;
				GCC_PREPROCESSOR_DEFINITIONS = (
					"DEBUG=1",
					"$(inherited)",
				);
				GCC_WARN_64_TO_32_BIT_CONVERSION = YES;
				GCC_WARN_ABOUT_RETURN_TYPE = YES_ERROR;
				GCC_WARN_UNDECLARED_SELECTOR = YES;
				GCC_WARN_UNINITIALIZED_AUTOS = YES_AGGRESSIVE;
				GCC_WARN_UNUSED_FUNCTION = YES;
				GCC_WARN_UNUSED_VARIABLE = YES;
				IPHONEOS_DEPLOYMENT_TARGET = 10.3;
				MTL_ENABLE_DEBUG_INFO = YES;
				ONLY_ACTIVE_ARCH = YES;
				SDKROOT = iphoneos;
				SWIFT_ACTIVE_COMPILATION_CONDITIONS = DEBUG;
				SWIFT_OPTIMIZATION_LEVEL = "-Onone";
				TARGETED_DEVICE_FAMILY = "1,2";
			};
			name = Debug;
		};
		E7CD028F1F06848600E99DBC /* Release */ = {
			isa = XCBuildConfiguration;
			buildSettings = {
				ALWAYS_SEARCH_USER_PATHS = NO;
				CLANG_ANALYZER_NONNULL = YES;
				CLANG_ANALYZER_NUMBER_OBJECT_CONVERSION = YES_AGGRESSIVE;
				CLANG_CXX_LANGUAGE_STANDARD = "gnu++0x";
				CLANG_CXX_LIBRARY = "libc++";
				CLANG_ENABLE_MODULES = YES;
				CLANG_ENABLE_OBJC_ARC = YES;
				CLANG_WARN_BOOL_CONVERSION = YES;
				CLANG_WARN_CONSTANT_CONVERSION = YES;
				CLANG_WARN_DIRECT_OBJC_ISA_USAGE = YES_ERROR;
				CLANG_WARN_DOCUMENTATION_COMMENTS = YES;
				CLANG_WARN_EMPTY_BODY = YES;
				CLANG_WARN_ENUM_CONVERSION = YES;
				CLANG_WARN_INFINITE_RECURSION = YES;
				CLANG_WARN_INT_CONVERSION = YES;
				CLANG_WARN_OBJC_ROOT_CLASS = YES_ERROR;
				CLANG_WARN_SUSPICIOUS_MOVE = YES;
				CLANG_WARN_UNREACHABLE_CODE = YES;
				CLANG_WARN__DUPLICATE_METHOD_MATCH = YES;
				"CODE_SIGN_IDENTITY[sdk=iphoneos*]" = "iPhone Developer";
				COPY_PHASE_STRIP = NO;
				DEBUG_INFORMATION_FORMAT = "dwarf-with-dsym";
				ENABLE_NS_ASSERTIONS = NO;
				ENABLE_STRICT_OBJC_MSGSEND = YES;
				GCC_C_LANGUAGE_STANDARD = gnu99;
				GCC_NO_COMMON_BLOCKS = YES;
				GCC_WARN_64_TO_32_BIT_CONVERSION = YES;
				GCC_WARN_ABOUT_RETURN_TYPE = YES_ERROR;
				GCC_WARN_UNDECLARED_SELECTOR = YES;
				GCC_WARN_UNINITIALIZED_AUTOS = YES_AGGRESSIVE;
				GCC_WARN_UNUSED_FUNCTION = YES;
				GCC_WARN_UNUSED_VARIABLE = YES;
				IPHONEOS_DEPLOYMENT_TARGET = 10.3;
				MTL_ENABLE_DEBUG_INFO = NO;
				SDKROOT = iphoneos;
				SWIFT_OPTIMIZATION_LEVEL = "-Owholemodule";
				TARGETED_DEVICE_FAMILY = "1,2";
				VALIDATE_PRODUCT = YES;
			};
			name = Release;
		};
		E7CD02911F06848600E99DBC /* Debug */ = {
			isa = XCBuildConfiguration;
			baseConfigurationReference = 8D1F78F47E67AD1AC42CA651 /* Pods-Timer.debug.xcconfig */;
			buildSettings = {
				ASSETCATALOG_COMPILER_APPICON_NAME = AppIcon;
				DEVELOPMENT_TEAM = UMPRH5R5SA;
				INFOPLIST_FILE = Timer/Info.plist;
				LD_RUNPATH_SEARCH_PATHS = "$(inherited) @executable_path/Frameworks";
				PRODUCT_BUNDLE_IDENTIFIER = VladimirCherednichenko.Timer;
				PRODUCT_NAME = "$(TARGET_NAME)";
				SWIFT_VERSION = 3.0;
			};
			name = Debug;
		};
		E7CD02921F06848600E99DBC /* Release */ = {
			isa = XCBuildConfiguration;
			baseConfigurationReference = 397851E33295F85B3E309AF1 /* Pods-Timer.release.xcconfig */;
			buildSettings = {
				ASSETCATALOG_COMPILER_APPICON_NAME = AppIcon;
				DEVELOPMENT_TEAM = UMPRH5R5SA;
				INFOPLIST_FILE = Timer/Info.plist;
				LD_RUNPATH_SEARCH_PATHS = "$(inherited) @executable_path/Frameworks";
				PRODUCT_BUNDLE_IDENTIFIER = VladimirCherednichenko.Timer;
				PRODUCT_NAME = "$(TARGET_NAME)";
				SWIFT_VERSION = 3.0;
			};
			name = Release;
		};
		E7CD02941F06848600E99DBC /* Debug */ = {
			isa = XCBuildConfiguration;
			baseConfigurationReference = DE15032C5BBD5D10DDEE3F02 /* Pods-TimerTests.debug.xcconfig */;
			buildSettings = {
				ALWAYS_EMBED_SWIFT_STANDARD_LIBRARIES = YES;
				BUNDLE_LOADER = "$(TEST_HOST)";
				DEVELOPMENT_TEAM = UMPRH5R5SA;
				INFOPLIST_FILE = TimerTests/Info.plist;
				LD_RUNPATH_SEARCH_PATHS = "$(inherited) @executable_path/Frameworks @loader_path/Frameworks";
				PRODUCT_BUNDLE_IDENTIFIER = VladimirCherednichenko.TimerTests;
				PRODUCT_NAME = "$(TARGET_NAME)";
				SWIFT_VERSION = 3.0;
				TEST_HOST = "$(BUILT_PRODUCTS_DIR)/Timer.app/Timer";
			};
			name = Debug;
		};
		E7CD02951F06848600E99DBC /* Release */ = {
			isa = XCBuildConfiguration;
			baseConfigurationReference = E3D52D6420E578B7A8A51CD5 /* Pods-TimerTests.release.xcconfig */;
			buildSettings = {
				ALWAYS_EMBED_SWIFT_STANDARD_LIBRARIES = YES;
				BUNDLE_LOADER = "$(TEST_HOST)";
				DEVELOPMENT_TEAM = UMPRH5R5SA;
				INFOPLIST_FILE = TimerTests/Info.plist;
				LD_RUNPATH_SEARCH_PATHS = "$(inherited) @executable_path/Frameworks @loader_path/Frameworks";
				PRODUCT_BUNDLE_IDENTIFIER = VladimirCherednichenko.TimerTests;
				PRODUCT_NAME = "$(TARGET_NAME)";
				SWIFT_VERSION = 3.0;
				TEST_HOST = "$(BUILT_PRODUCTS_DIR)/Timer.app/Timer";
			};
			name = Release;
		};
		E7CD02971F06848600E99DBC /* Debug */ = {
			isa = XCBuildConfiguration;
			baseConfigurationReference = B35C756194F3586CAFAE6D87 /* Pods-TimerUITests.debug.xcconfig */;
			buildSettings = {
				ALWAYS_EMBED_SWIFT_STANDARD_LIBRARIES = YES;
				DEVELOPMENT_TEAM = UMPRH5R5SA;
				INFOPLIST_FILE = TimerUITests/Info.plist;
				LD_RUNPATH_SEARCH_PATHS = "$(inherited) @executable_path/Frameworks @loader_path/Frameworks";
				PRODUCT_BUNDLE_IDENTIFIER = VladimirCherednichenko.TimerUITests;
				PRODUCT_NAME = "$(TARGET_NAME)";
				SWIFT_VERSION = 3.0;
				TEST_TARGET_NAME = Timer;
			};
			name = Debug;
		};
		E7CD02981F06848600E99DBC /* Release */ = {
			isa = XCBuildConfiguration;
			baseConfigurationReference = 679F3C0CCF9FF2887A954906 /* Pods-TimerUITests.release.xcconfig */;
			buildSettings = {
				ALWAYS_EMBED_SWIFT_STANDARD_LIBRARIES = YES;
				DEVELOPMENT_TEAM = UMPRH5R5SA;
				INFOPLIST_FILE = TimerUITests/Info.plist;
				LD_RUNPATH_SEARCH_PATHS = "$(inherited) @executable_path/Frameworks @loader_path/Frameworks";
				PRODUCT_BUNDLE_IDENTIFIER = VladimirCherednichenko.TimerUITests;
				PRODUCT_NAME = "$(TARGET_NAME)";
				SWIFT_VERSION = 3.0;
				TEST_TARGET_NAME = Timer;
			};
			name = Release;
		};
/* End XCBuildConfiguration section */

/* Begin XCConfigurationList section */
		E7CD02631F06848600E99DBC /* Build configuration list for PBXProject "Timer" */ = {
			isa = XCConfigurationList;
			buildConfigurations = (
				E7CD028E1F06848600E99DBC /* Debug */,
				E7CD028F1F06848600E99DBC /* Release */,
			);
			defaultConfigurationIsVisible = 0;
			defaultConfigurationName = Release;
		};
		E7CD02901F06848600E99DBC /* Build configuration list for PBXNativeTarget "Timer" */ = {
			isa = XCConfigurationList;
			buildConfigurations = (
				E7CD02911F06848600E99DBC /* Debug */,
				E7CD02921F06848600E99DBC /* Release */,
			);
			defaultConfigurationIsVisible = 0;
			defaultConfigurationName = Release;
		};
		E7CD02931F06848600E99DBC /* Build configuration list for PBXNativeTarget "TimerTests" */ = {
			isa = XCConfigurationList;
			buildConfigurations = (
				E7CD02941F06848600E99DBC /* Debug */,
				E7CD02951F06848600E99DBC /* Release */,
			);
			defaultConfigurationIsVisible = 0;
			defaultConfigurationName = Release;
		};
		E7CD02961F06848600E99DBC /* Build configuration list for PBXNativeTarget "TimerUITests" */ = {
			isa = XCConfigurationList;
			buildConfigurations = (
				E7CD02971F06848600E99DBC /* Debug */,
				E7CD02981F06848600E99DBC /* Release */,
			);
			defaultConfigurationIsVisible = 0;
			defaultConfigurationName = Release;
		};
/* End XCConfigurationList section */
	};
	rootObject = E7CD02601F06848600E99DBC /* Project object */;
}
